// !$*UTF8*$!
{
	archiveVersion = 1;
	classes = {
	};
	objectVersion = 50;
	objects = {

/* Begin PBXBuildFile section */
		277A6F1723F35A8E00292378 /* AppDelegate.swift in Sources */ = {isa = PBXBuildFile; fileRef = 277A6F1623F35A8E00292378 /* AppDelegate.swift */; };
		277A6F1923F35A8E00292378 /* SceneDelegate.swift in Sources */ = {isa = PBXBuildFile; fileRef = 277A6F1823F35A8E00292378 /* SceneDelegate.swift */; };
		277A6F1B23F35A8E00292378 /* ContentView.swift in Sources */ = {isa = PBXBuildFile; fileRef = 277A6F1A23F35A8E00292378 /* ContentView.swift */; };
		277A6F1D23F35A9500292378 /* Assets.xcassets in Resources */ = {isa = PBXBuildFile; fileRef = 277A6F1C23F35A9500292378 /* Assets.xcassets */; };
		277A6F2023F35A9500292378 /* Preview Assets.xcassets in Resources */ = {isa = PBXBuildFile; fileRef = 277A6F1F23F35A9500292378 /* Preview Assets.xcassets */; };
		277A6F2323F35A9600292378 /* LaunchScreen.storyboard in Resources */ = {isa = PBXBuildFile; fileRef = 277A6F2123F35A9600292378 /* LaunchScreen.storyboard */; };
/* End PBXBuildFile section */

/* Begin PBXFileReference section */
		277A6F1323F35A8E00292378 /* UtilityConvertApp.app */ = {isa = PBXFileReference; explicitFileType = wrapper.application; includeInIndex = 0; path = UtilityConvertApp.app; sourceTree = BUILT_PRODUCTS_DIR; };
		277A6F1623F35A8E00292378 /* AppDelegate.swift */ = {isa = PBXFileReference; lastKnownFileType = sourcecode.swift; path = AppDelegate.swift; sourceTree = "<group>"; };
		277A6F1823F35A8E00292378 /* SceneDelegate.swift */ = {isa = PBXFileReference; lastKnownFileType = sourcecode.swift; path = SceneDelegate.swift; sourceTree = "<group>"; };
		277A6F1A23F35A8E00292378 /* ContentView.swift */ = {isa = PBXFileReference; lastKnownFileType = sourcecode.swift; path = ContentView.swift; sourceTree = "<group>"; };
		277A6F1C23F35A9500292378 /* Assets.xcassets */ = {isa = PBXFileReference; lastKnownFileType = folder.assetcatalog; path = Assets.xcassets; sourceTree = "<group>"; };
		277A6F1F23F35A9500292378 /* Preview Assets.xcassets */ = {isa = PBXFileReference; lastKnownFileType = folder.assetcatalog; path = "Preview Assets.xcassets"; sourceTree = "<group>"; };
		277A6F2223F35A9600292378 /* Base */ = {isa = PBXFileReference; lastKnownFileType = file.storyboard; name = Base; path = Base.lproj/LaunchScreen.storyboard; sourceTree = "<group>"; };
		277A6F2423F35A9600292378 /* Info.plist */ = {isa = PBXFileReference; lastKnownFileType = text.plist.xml; path = Info.plist; sourceTree = "<group>"; };
/* End PBXFileReference section */

/* Begin PBXFrameworksBuildPhase section */
		277A6F1023F35A8E00292378 /* Frameworks */ = {
			isa = PBXFrameworksBuildPhase;
			buildActionMask = 2147483647;
			files = (
			);
			runOnlyForDeploymentPostprocessing = 0;
		};
/* End PBXFrameworksBuildPhase section */

/* Begin PBXGroup section */
		277A6F0A23F35A8D00292378 = {
			isa = PBXGroup;
			children = (
				277A6F1523F35A8E00292378 /* UtilityConvertApp */,
				277A6F1423F35A8E00292378 /* Products */,
			);
			sourceTree = "<group>";
		};
		277A6F1423F35A8E00292378 /* Products */ = {
			isa = PBXGroup;
			children = (
				277A6F1323F35A8E00292378 /* UtilityConvertApp.app */,
			);
			name = Products;
			sourceTree = "<group>";
		};
		277A6F1523F35A8E00292378 /* UtilityConvertApp */ = {
			isa = PBXGroup;
			children = (
				277A6F1623F35A8E00292378 /* AppDelegate.swift */,
				277A6F1823F35A8E00292378 /* SceneDelegate.swift */,
				277A6F1A23F35A8E00292378 /* ContentView.swift */,
				277A6F1C23F35A9500292378 /* Assets.xcassets */,
				277A6F2123F35A9600292378 /* LaunchScreen.storyboard */,
				277A6F2423F35A9600292378 /* Info.plist */,
				277A6F1E23F35A9500292378 /* Preview Content */,
			);
			path = UtilityConvertApp;
			sourceTree = "<group>";
		};
		277A6F1E23F35A9500292378 /* Preview Content */ = {
			isa = PBXGroup;
			children = (
				277A6F1F23F35A9500292378 /* Preview Assets.xcassets */,
			);
			path = "Preview Content";
			sourceTree = "<group>";
		};
/* End PBXGroup section */

/* Begin PBXNativeTarget section */
		277A6F1223F35A8E00292378 /* UtilityConvertApp */ = {
			isa = PBXNativeTarget;
			buildConfigurationList = 277A6F2723F35A9600292378 /* Build configuration list for PBXNativeTarget "UtilityConvertApp" */;
			buildPhases = (
				277A6F0F23F35A8E00292378 /* Sources */,
				277A6F1023F35A8E00292378 /* Frameworks */,
				277A6F1123F35A8E00292378 /* Resources */,
			);
			buildRules = (
			);
			dependencies = (
			);
			name = UtilityConvertApp;
			productName = UtilityConvertApp;
			productReference = 277A6F1323F35A8E00292378 /* UtilityConvertApp.app */;
			productType = "com.apple.product-type.application";
		};
/* End PBXNativeTarget section */

/* Begin PBXProject section */
		277A6F0B23F35A8D00292378 /* Project object */ = {
			isa = PBXProject;
			attributes = {
				LastSwiftUpdateCheck = 1120;
				LastUpgradeCheck = 1120;
				ORGANIZATIONNAME = "Dilan Tharidu Sangeeth";
				TargetAttributes = {
					277A6F1223F35A8E00292378 = {
						CreatedOnToolsVersion = 11.2.1;
					};
				};
			};
			buildConfigurationList = 277A6F0E23F35A8D00292378 /* Build configuration list for PBXProject "UtilityConvertApp" */;
			compatibilityVersion = "Xcode 9.3";
			developmentRegion = en;
			hasScannedForEncodings = 0;
			knownRegions = (
				en,
				Base,
			);
			mainGroup = 277A6F0A23F35A8D00292378;
			productRefGroup = 277A6F1423F35A8E00292378 /* Products */;
			projectDirPath = "";
			projectRoot = "";
			targets = (
				277A6F1223F35A8E00292378 /* UtilityConvertApp */,
			);
		};
/* End PBXProject section */

/* Begin PBXResourcesBuildPhase section */
		277A6F1123F35A8E00292378 /* Resources */ = {
			isa = PBXResourcesBuildPhase;
			buildActionMask = 2147483647;
			files = (
				277A6F2323F35A9600292378 /* LaunchScreen.storyboard in Resources */,
				277A6F2023F35A9500292378 /* Preview Assets.xcassets in Resources */,
				277A6F1D23F35A9500292378 /* Assets.xcassets in Resources */,
			);
			runOnlyForDeploymentPostprocessing = 0;
		};
/* End PBXResourcesBuildPhase section */

/* Begin PBXSourcesBuildPhase section */
		277A6F0F23F35A8E00292378 /* Sources */ = {
			isa = PBXSourcesBuildPhase;
			buildActionMask = 2147483647;
			files = (
				277A6F1723F35A8E00292378 /* AppDelegate.swift in Sources */,
				277A6F1923F35A8E00292378 /* SceneDelegate.swift in Sources */,
				277A6F1B23F35A8E00292378 /* ContentView.swift in Sources */,
			);
			runOnlyForDeploymentPostprocessing = 0;
		};
/* End PBXSourcesBuildPhase section */

/* Begin PBXVariantGroup section */
		277A6F2123F35A9600292378 /* LaunchScreen.storyboard */ = {
			isa = PBXVariantGroup;
			children = (
				277A6F2223F35A9600292378 /* Base */,
			);
			name = LaunchScreen.storyboard;
			sourceTree = "<group>";
		};
/* End PBXVariantGroup section */

/* Begin XCBuildConfiguration section */
		277A6F2523F35A9600292378 /* Debug */ = {
			isa = XCBuildConfiguration;
			buildSettings = {
				ALWAYS_SEARCH_USER_PATHS = NO;
				CLANG_ANALYZER_NONNULL = YES;
				CLANG_ANALYZER_NUMBER_OBJECT_CONVERSION = YES_AGGRESSIVE;
				CLANG_CXX_LANGUAGE_STANDARD = "gnu++14";
				CLANG_CXX_LIBRARY = "libc++";
				CLANG_ENABLE_MODULES = YES;
				CLANG_ENABLE_OBJC_ARC = YES;
				CLANG_ENABLE_OBJC_WEAK = YES;
				CLANG_WARN_BLOCK_CAPTURE_AUTORELEASING = YES;
				CLANG_WARN_BOOL_CONVERSION = YES;
				CLANG_WARN_COMMA = YES;
				CLANG_WARN_CONSTANT_CONVERSION = YES;
				CLANG_WARN_DEPRECATED_OBJC_IMPLEMENTATIONS = YES;
				CLANG_WARN_DIRECT_OBJC_ISA_USAGE = YES_ERROR;
				CLANG_WARN_DOCUMENTATION_COMMENTS = YES;
				CLANG_WARN_EMPTY_BODY = YES;
				CLANG_WARN_ENUM_CONVERSION = YES;
				CLANG_WARN_INFINITE_RECURSION = YES;
				CLANG_WARN_INT_CONVERSION = YES;
				CLANG_WARN_NON_LITERAL_NULL_CONVERSION = YES;
				CLANG_WARN_OBJC_IMPLICIT_RETAIN_SELF = YES;
				CLANG_WARN_OBJC_LITERAL_CONVERSION = YES;
				CLANG_WARN_OBJC_ROOT_CLASS = YES_ERROR;
				CLANG_WARN_RANGE_LOOP_ANALYSIS = YES;
				CLANG_WARN_STRICT_PROTOTYPES = YES;
				CLANG_WARN_SUSPICIOUS_MOVE = YES;
				CLANG_WARN_UNGUARDED_AVAILABILITY = YES_AGGRESSIVE;
				CLANG_WARN_UNREACHABLE_CODE = YES;
				CLANG_WARN__DUPLICATE_METHOD_MATCH = YES;
				COPY_PHASE_STRIP = NO;
				DEBUG_INFORMATION_FORMAT = dwarf;
				ENABLE_STRICT_OBJC_MSGSEND = YES;
				ENABLE_TESTABILITY = YES;
				GCC_C_LANGUAGE_STANDARD = gnu11;
				GCC_DYNAMIC_NO_PIC = NO;
				GCC_NO_COMMON_BLOCKS = YES;
				GCC_OPTIMIZATION_LEVEL = 0;
				GCC_PREPROCESSOR_DEFINITIONS = (
					"DEBUG=1",
					"$(inherited)",
				);
				GCC_WARN_64_TO_32_BIT_CONVERSION = YES;
				GCC_WARN_ABOUT_RETURN_TYPE = YES_ERROR;
				GCC_WARN_UNDECLARED_SELECTOR = YES;
				GCC_WARN_UNINITIALIZED_AUTOS = YES_AGGRESSIVE;
				GCC_WARN_UNUSED_FUNCTION = YES;
				GCC_WARN_UNUSED_VARIABLE = YES;
				IPHONEOS_DEPLOYMENT_TARGET = 13.2;
				MTL_ENABLE_DEBUG_INFO = INCLUDE_SOURCE;
				MTL_FAST_MATH = YES;
				ONLY_ACTIVE_ARCH = YES;
				SDKROOT = iphoneos;
				SWIFT_ACTIVE_COMPILATION_CONDITIONS = DEBUG;
				SWIFT_OPTIMIZATION_LEVEL = "-Onone";
			};
			name = Debug;
		};
		277A6F2623F35A9600292378 /* Release */ = {
			isa = XCBuildConfiguration;
			buildSettings = {
				ALWAYS_SEARCH_USER_PATHS = NO;
				CLANG_ANALYZER_NONNULL = YES;
				CLANG_ANALYZER_NUMBER_OBJECT_CONVERSION = YES_AGGRESSIVE;
				CLANG_CXX_LANGUAGE_STANDARD = "gnu++14";
				CLANG_CXX_LIBRARY = "libc++";
				CLANG_ENABLE_MODULES = YES;
				CLANG_ENABLE_OBJC_ARC = YES;
				CLANG_ENABLE_OBJC_WEAK = YES;
				CLANG_WARN_BLOCK_CAPTURE_AUTORELEASING = YES;
				CLANG_WARN_BOOL_CONVERSION = YES;
				CLANG_WARN_COMMA = YES;
				CLANG_WARN_CONSTANT_CONVERSION = YES;
				CLANG_WARN_DEPRECATED_OBJC_IMPLEMENTATIONS = YES;
				CLANG_WARN_DIRECT_OBJC_ISA_USAGE = YES_ERROR;
				CLANG_WARN_DOCUMENTATION_COMMENTS = YES;
				CLANG_WARN_EMPTY_BODY = YES;
				CLANG_WARN_ENUM_CONVERSION = YES;
				CLANG_WARN_INFINITE_RECURSION = YES;
				CLANG_WARN_INT_CONVERSION = YES;
				CLANG_WARN_NON_LITERAL_NULL_CONVERSION = YES;
				CLANG_WARN_OBJC_IMPLICIT_RETAIN_SELF = YES;
				CLANG_WARN_OBJC_LITERAL_CONVERSION = YES;
				CLANG_WARN_OBJC_ROOT_CLASS = YES_ERROR;
				CLANG_WARN_RANGE_LOOP_ANALYSIS = YES;
				CLANG_WARN_STRICT_PROTOTYPES = YES;
				CLANG_WARN_SUSPICIOUS_MOVE = YES;
				CLANG_WARN_UNGUARDED_AVAILABILITY = YES_AGGRESSIVE;
				CLANG_WARN_UNREACHABLE_CODE = YES;
				CLANG_WARN__DUPLICATE_METHOD_MATCH = YES;
				COPY_PHASE_STRIP = NO;
				DEBUG_INFORMATION_FORMAT = "dwarf-with-dsym";
				ENABLE_NS_ASSERTIONS = NO;
				ENABLE_STRICT_OBJC_MSGSEND = YES;
				GCC_C_LANGUAGE_STANDARD = gnu11;
				GCC_NO_COMMON_BLOCKS = YES;
				GCC_WARN_64_TO_32_BIT_CONVERSION = YES;
				GCC_WARN_ABOUT_RETURN_TYPE = YES_ERROR;
				GCC_WARN_UNDECLARED_SELECTOR = YES;
				GCC_WARN_UNINITIALIZED_AUTOS = YES_AGGRESSIVE;
				GCC_WARN_UNUSED_FUNCTION = YES;
				GCC_WARN_UNUSED_VARIABLE = YES;
				IPHONEOS_DEPLOYMENT_TARGET = 13.2;
				MTL_ENABLE_DEBUG_INFO = NO;
				MTL_FAST_MATH = YES;
				SDKROOT = iphoneos;
				SWIFT_COMPILATION_MODE = wholemodule;
				SWIFT_OPTIMIZATION_LEVEL = "-O";
				VALIDATE_PRODUCT = YES;
			};
			name = Release;
		};
		277A6F2823F35A9600292378 /* Debug */ = {
			isa = XCBuildConfiguration;
			buildSettings = {
				ASSETCATALOG_COMPILER_APPICON_NAME = AppIcon;
				CODE_SIGN_STYLE = Automatic;
				DEVELOPMENT_ASSET_PATHS = "\"UtilityConvertApp/Preview Content\"";
				DEVELOPMENT_TEAM = VPCTKJ4VZL;
				ENABLE_PREVIEWS = YES;
				INFOPLIST_FILE = UtilityConvertApp/Info.plist;
				LD_RUNPATH_SEARCH_PATHS = (
					"$(inherited)",
					"@executable_path/Frameworks",
				);
				PRODUCT_BUNDLE_IDENTIFIER = com.sangeeth.UtilityConvertApp;
				PRODUCT_NAME = "$(TARGET_NAME)";
				SWIFT_VERSION = 5.0;
				TARGETED_DEVICE_FAMILY = "1,2";
			};
			name = Debug;
		};
		277A6F2923F35A9600292378 /* Release */ = {
			isa = XCBuildConfiguration;
			buildSettings = {
				ASSETCATALOG_COMPILER_APPICON_NAME = AppIcon;
				CODE_SIGN_STYLE = Automatic;
				DEVELOPMENT_ASSET_PATHS = "\"UtilityConvertApp/Preview Content\"";
				DEVELOPMENT_TEAM = VPCTKJ4VZL;
				ENABLE_PREVIEWS = YES;
				INFOPLIST_FILE = UtilityConvertApp/Info.plist;
				LD_RUNPATH_SEARCH_PATHS = (
					"$(inherited)",
					"@executable_path/Frameworks",
				);
				PRODUCT_BUNDLE_IDENTIFIER = com.sangeeth.UtilityConvertApp;
				PRODUCT_NAME = "$(TARGET_NAME)";
				SWIFT_VERSION = 5.0;
				TARGETED_DEVICE_FAMILY = "1,2";
			};
			name = Release;
		};
/* End XCBuildConfiguration section */

/* Begin XCConfigurationList section */
		277A6F0E23F35A8D00292378 /* Build configuration list for PBXProject "UtilityConvertApp" */ = {
			isa = XCConfigurationList;
			buildConfigurations = (
				277A6F2523F35A9600292378 /* Debug */,
				277A6F2623F35A9600292378 /* Release */,
			);
			defaultConfigurationIsVisible = 0;
			defaultConfigurationName = Release;
		};
		277A6F2723F35A9600292378 /* Build configuration list for PBXNativeTarget "UtilityConvertApp" */ = {
			isa = XCConfigurationList;
			buildConfigurations = (
				277A6F2823F35A9600292378 /* Debug */,
				277A6F2923F35A9600292378 /* Release */,
			);
			defaultConfigurationIsVisible = 0;
			defaultConfigurationName = Release;
		};
/* End XCConfigurationList section */
	};
	rootObject = 277A6F0B23F35A8D00292378 /* Project object */;
}
